// !$*UTF8*$!
{
	archiveVersion = 1;
	classes = {
	};
	objectVersion = 46;
	objects = {

/* Begin PBXBuildFile section */
		964F937B1C6E529700362670 /* AppDelegate.swift in Sources */ = {isa = PBXBuildFile; fileRef = 964F937A1C6E529700362670 /* AppDelegate.swift */; };
		964F937D1C6E529700362670 /* ViewController.swift in Sources */ = {isa = PBXBuildFile; fileRef = 964F937C1C6E529700362670 /* ViewController.swift */; };
		964F93801C6E529700362670 /* Main.storyboard in Resources */ = {isa = PBXBuildFile; fileRef = 964F937E1C6E529700362670 /* Main.storyboard */; };
		964F93821C6E529700362670 /* Assets.xcassets in Resources */ = {isa = PBXBuildFile; fileRef = 964F93811C6E529700362670 /* Assets.xcassets */; };
		964F93851C6E529700362670 /* LaunchScreen.storyboard in Resources */ = {isa = PBXBuildFile; fileRef = 964F93831C6E529700362670 /* LaunchScreen.storyboard */; };
/* End PBXBuildFile section */

/* Begin PBXFileReference section */
		964F93771C6E529700362670 /* Color State Machine.app */ = {isa = PBXFileReference; explicitFileType = wrapper.application; includeInIndex = 0; path = "Color State Machine.app"; sourceTree = BUILT_PRODUCTS_DIR; };
		964F937A1C6E529700362670 /* AppDelegate.swift */ = {isa = PBXFileReference; lastKnownFileType = sourcecode.swift; path = AppDelegate.swift; sourceTree = "<group>"; };
		964F937C1C6E529700362670 /* ViewController.swift */ = {isa = PBXFileReference; lastKnownFileType = sourcecode.swift; path = ViewController.swift; sourceTree = "<group>"; };
		964F937F1C6E529700362670 /* Base */ = {isa = PBXFileReference; lastKnownFileType = file.storyboard; name = Base; path = Base.lproj/Main.storyboard; sourceTree = "<group>"; };
		964F93811C6E529700362670 /* Assets.xcassets */ = {isa = PBXFileReference; lastKnownFileType = folder.assetcatalog; path = Assets.xcassets; sourceTree = "<group>"; };
		964F93841C6E529700362670 /* Base */ = {isa = PBXFileReference; lastKnownFileType = file.storyboard; name = Base; path = Base.lproj/LaunchScreen.storyboard; sourceTree = "<group>"; };
		964F93861C6E529700362670 /* Info.plist */ = {isa = PBXFileReference; lastKnownFileType = text.plist.xml; path = Info.plist; sourceTree = "<group>"; };
/* End PBXFileReference section */

/* Begin PBXFrameworksBuildPhase section */
		964F93741C6E529700362670 /* Frameworks */ = {
			isa = PBXFrameworksBuildPhase;
			buildActionMask = 2147483647;
			files = (
			);
			runOnlyForDeploymentPostprocessing = 0;
		};
/* End PBXFrameworksBuildPhase section */

/* Begin PBXGroup section */
		964F936E1C6E529700362670 = {
			isa = PBXGroup;
			children = (
				964F93791C6E529700362670 /* Color State Machine */,
				964F93781C6E529700362670 /* Products */,
			);
			sourceTree = "<group>";
		};
		964F93781C6E529700362670 /* Products */ = {
			isa = PBXGroup;
			children = (
				964F93771C6E529700362670 /* Color State Machine.app */,
			);
			name = Products;
			sourceTree = "<group>";
		};
		964F93791C6E529700362670 /* Color State Machine */ = {
			isa = PBXGroup;
			children = (
				964F937A1C6E529700362670 /* AppDelegate.swift */,
				964F937C1C6E529700362670 /* ViewController.swift */,
				964F937E1C6E529700362670 /* Main.storyboard */,
				964F93811C6E529700362670 /* Assets.xcassets */,
				964F93831C6E529700362670 /* LaunchScreen.storyboard */,
				964F93861C6E529700362670 /* Info.plist */,
			);
			path = "Color State Machine";
			sourceTree = "<group>";
		};
/* End PBXGroup section */

/* Begin PBXNativeTarget section */
		964F93761C6E529700362670 /* Color State Machine */ = {
			isa = PBXNativeTarget;
			buildConfigurationList = 964F93891C6E529700362670 /* Build configuration list for PBXNativeTarget "Color State Machine" */;
			buildPhases = (
				964F93731C6E529700362670 /* Sources */,
				964F93741C6E529700362670 /* Frameworks */,
				964F93751C6E529700362670 /* Resources */,
			);
			buildRules = (
			);
			dependencies = (
			);
			name = "Color State Machine";
			productName = "Color State Machine";
			productReference = 964F93771C6E529700362670 /* Color State Machine.app */;
			productType = "com.apple.product-type.application";
		};
/* End PBXNativeTarget section */

/* Begin PBXProject section */
		964F936F1C6E529700362670 /* Project object */ = {
			isa = PBXProject;
			attributes = {
				LastSwiftUpdateCheck = 0720;
				LastUpgradeCheck = 0720;
				ORGANIZATIONNAME = yg;
				TargetAttributes = {
					964F93761C6E529700362670 = {
						CreatedOnToolsVersion = 7.2;
					};
				};
			};
			buildConfigurationList = 964F93721C6E529700362670 /* Build configuration list for PBXProject "Color State Machine" */;
			compatibilityVersion = "Xcode 3.2";
			developmentRegion = English;
			hasScannedForEncodings = 0;
			knownRegions = (
				en,
				Base,
			);
			mainGroup = 964F936E1C6E529700362670;
			productRefGroup = 964F93781C6E529700362670 /* Products */;
			projectDirPath = "";
			projectRoot = "";
			targets = (
				964F93761C6E529700362670 /* Color State Machine */,
			);
		};
/* End PBXProject section */

/* Begin PBXResourcesBuildPhase section */
		964F93751C6E529700362670 /* Resources */ = {
			isa = PBXResourcesBuildPhase;
			buildActionMask = 2147483647;
			files = (
				964F93851C6E529700362670 /* LaunchScreen.storyboard in Resources */,
				964F93821C6E529700362670 /* Assets.xcassets in Resources */,
				964F93801C6E529700362670 /* Main.storyboard in Resources */,
			);
			runOnlyForDeploymentPostprocessing = 0;
		};
/* End PBXResourcesBuildPhase section */

/* Begin PBXSourcesBuildPhase section */
		964F93731C6E529700362670 /* Sources */ = {
			isa = PBXSourcesBuildPhase;
			buildActionMask = 2147483647;
			files = (
				964F937D1C6E529700362670 /* ViewController.swift in Sources */,
				964F937B1C6E529700362670 /* AppDelegate.swift in Sources */,
			);
			runOnlyForDeploymentPostprocessing = 0;
		};
/* End PBXSourcesBuildPhase section */

/* Begin PBXVariantGroup section */
		964F937E1C6E529700362670 /* Main.storyboard */ = {
			isa = PBXVariantGroup;
			children = (
				964F937F1C6E529700362670 /* Base */,
			);
			name = Main.storyboard;
			sourceTree = "<group>";
		};
		964F93831C6E529700362670 /* LaunchScreen.storyboard */ = {
			isa = PBXVariantGroup;
			children = (
				964F93841C6E529700362670 /* Base */,
			);
			name = LaunchScreen.storyboard;
			sourceTree = "<group>";
		};
/* End PBXVariantGroup section */

/* Begin XCBuildConfiguration section */
		964F93871C6E529700362670 /* Debug */ = {
			isa = XCBuildConfiguration;
			buildSettings = {
				ALWAYS_SEARCH_USER_PATHS = NO;
				CLANG_CXX_LANGUAGE_STANDARD = "gnu++0x";
				CLANG_CXX_LIBRARY = "libc++";
				CLANG_ENABLE_MODULES = YES;
				CLANG_ENABLE_OBJC_ARC = YES;
				CLANG_WARN_BOOL_CONVERSION = YES;
				CLANG_WARN_CONSTANT_CONVERSION = YES;
				CLANG_WARN_DIRECT_OBJC_ISA_USAGE = YES_ERROR;
				CLANG_WARN_EMPTY_BODY = YES;
				CLANG_WARN_ENUM_CONVERSION = YES;
				CLANG_WARN_INT_CONVERSION = YES;
				CLANG_WARN_OBJC_ROOT_CLASS = YES_ERROR;
				CLANG_WARN_UNREACHABLE_CODE = YES;
				CLANG_WARN__DUPLICATE_METHOD_MATCH = YES;
				"CODE_SIGN_IDENTITY[sdk=iphoneos*]" = "iPhone Developer";
				COPY_PHASE_STRIP = NO;
				DEBUG_INFORMATION_FORMAT = dwarf;
				ENABLE_STRICT_OBJC_MSGSEND = YES;
				ENABLE_TESTABILITY = YES;
				GCC_C_LANGUAGE_STANDARD = gnu99;
				GCC_DYNAMIC_NO_PIC = NO;
				GCC_NO_COMMON_BLOCKS = YES;
				GCC_OPTIMIZATION_LEVEL = 0;
				GCC_PREPROCESSOR_DEFINITIONS = (
					"DEBUG=1",
					"$(inherited)",
				);
				GCC_WARN_64_TO_32_BIT_CONVERSION = YES;
				GCC_WARN_ABOUT_RETURN_TYPE = YES_ERROR;
				GCC_WARN_UNDECLARED_SELECTOR = YES;
				GCC_WARN_UNINITIALIZED_AUTOS = YES_AGGRESSIVE;
				GCC_WARN_UNUSED_FUNCTION = YES;
				GCC_WARN_UNUSED_VARIABLE = YES;
				IPHONEOS_DEPLOYMENT_TARGET = 9.2;
				MTL_ENABLE_DEBUG_INFO = YES;
				ONLY_ACTIVE_ARCH = YES;
				SDKROOT = iphoneos;
				SWIFT_OPTIMIZATION_LEVEL = "-Onone";
			};
			name = Debug;
		};
		964F93881C6E529700362670 /* Release */ = {
			isa = XCBuildConfiguration;
			buildSettings = {
				ALWAYS_SEARCH_USER_PATHS = NO;
				CLANG_CXX_LANGUAGE_STANDARD = "gnu++0x";
				CLANG_CXX_LIBRARY = "libc++";
				CLANG_ENABLE_MODULES = YES;
				CLANG_ENABLE_OBJC_ARC = YES;
				CLANG_WARN_BOOL_CONVERSION = YES;
				CLANG_WARN_CONSTANT_CONVERSION = YES;
				CLANG_WARN_DIRECT_OBJC_ISA_USAGE = YES_ERROR;
				CLANG_WARN_EMPTY_BODY = YES;
				CLANG_WARN_ENUM_CONVERSION = YES;
				CLANG_WARN_INT_CONVERSION = YES;
				CLANG_WARN_OBJC_ROOT_CLASS = YES_ERROR;
				CLANG_WARN_UNREACHABLE_CODE = YES;
				CLANG_WARN__DUPLICATE_METHOD_MATCH = YES;
				"CODE_SIGN_IDENTITY[sdk=iphoneos*]" = "iPhone Developer";
				COPY_PHASE_STRIP = NO;
				DEBUG_INFORMATION_FORMAT = "dwarf-with-dsym";
				ENABLE_NS_ASSERTIONS = NO;
				ENABLE_STRICT_OBJC_MSGSEND = YES;
				GCC_C_LANGUAGE_STANDARD = gnu99;
				GCC_NO_COMMON_BLOCKS = YES;
				GCC_WARN_64_TO_32_BIT_CONVERSION = YES;
				GCC_WARN_ABOUT_RETURN_TYPE = YES_ERROR;
				GCC_WARN_UNDECLARED_SELECTOR = YES;
				GCC_WARN_UNINITIALIZED_AUTOS = YES_AGGRESSIVE;
				GCC_WARN_UNUSED_FUNCTION = YES;
				GCC_WARN_UNUSED_VARIABLE = YES;
				IPHONEOS_DEPLOYMENT_TARGET = 9.2;
				MTL_ENABLE_DEBUG_INFO = NO;
				SDKROOT = iphoneos;
				VALIDATE_PRODUCT = YES;
			};
			name = Release;
		};
		964F938A1C6E529700362670 /* Debug */ = {
			isa = XCBuildConfiguration;
			buildSettings = {
				ASSETCATALOG_COMPILER_APPICON_NAME = AppIcon;
				INFOPLIST_FILE = "Color State Machine/Info.plist";
				LD_RUNPATH_SEARCH_PATHS = "$(inherited) @executable_path/Frameworks";
				PRODUCT_BUNDLE_IDENTIFIER = "yg.Color-State-Machine";
				PRODUCT_NAME = "$(TARGET_NAME)";
			};
			name = Debug;
		};
		964F938B1C6E529700362670 /* Release */ = {
			isa = XCBuildConfiguration;
			buildSettings = {
				ASSETCATALOG_COMPILER_APPICON_NAME = AppIcon;
				INFOPLIST_FILE = "Color State Machine/Info.plist";
				LD_RUNPATH_SEARCH_PATHS = "$(inherited) @executable_path/Frameworks";
				PRODUCT_BUNDLE_IDENTIFIER = "yg.Color-State-Machine";
				PRODUCT_NAME = "$(TARGET_NAME)";
			};
			name = Release;
		};
/* End XCBuildConfiguration section */

/* Begin XCConfigurationList section */
		964F93721C6E529700362670 /* Build configuration list for PBXProject "Color State Machine" */ = {
			isa = XCConfigurationList;
			buildConfigurations = (
				964F93871C6E529700362670 /* Debug */,
				964F93881C6E529700362670 /* Release */,
			);
			defaultConfigurationIsVisible = 0;
			defaultConfigurationName = Release;
		};
		964F93891C6E529700362670 /* Build configuration list for PBXNativeTarget "Color State Machine" */ = {
			isa = XCConfigurationList;
			buildConfigurations = (
				964F938A1C6E529700362670 /* Debug */,
				964F938B1C6E529700362670 /* Release */,
			);
			defaultConfigurationIsVisible = 0;
		};
/* End XCConfigurationList section */
	};
	rootObject = 964F936F1C6E529700362670 /* Project object */;
}
